
Microsoft Visual Studio Solution File, Format Version 12.00
# Visual Studio Version 17
VisualStudioVersion = 17.4.33122.133
MinimumVisualStudioVersion = 10.0.40219.1
Project("{FAE04EC0-301F-11D3-BF4B-00C04F79EFBC}") = "WindowsFormsApp1", "WindowsFormsApp1\WindowsFormsApp1.csproj", "{B20A042D-FA1A-43C4-B3A7-3C9305315FB2}"
EndProject
Global
	GlobalSection(SolutionConfigurationPlatforms) = preSolution
		Debug|Any CPU = Debug|Any CPU
		Release|Any CPU = Release|Any CPU
	EndGlobalSection
	GlobalSection(ProjectConfigurationPlatforms) = postSolution
		{B20A042D-FA1A-43C4-B3A7-3C9305315FB2}.Debug|Any CPU.ActiveCfg = Debug|Any CPU
		{B20A042D-FA1A-43C4-B3A7-3C9305315FB2}.Debug|Any CPU.Build.0 = Debug|Any CPU
		{B20A042D-FA1A-43C4-B3A7-3C9305315FB2}.Release|Any CPU.ActiveCfg = Release|Any CPU
		{B20A042D-FA1A-43C4-B3A7-3C9305315FB2}.Release|Any CPU.Build.0 = Release|Any CPU
	EndGlobalSection
	GlobalSection(SolutionProperties) = preSolution
		HideSolutionNode = FALSE
	EndGlobalSection
	GlobalSection(ExtensibilityGlobals) = postSolution
		SolutionGuid = {2578A83D-8475-4014-8B79-0CA30B9897FA}
	EndGlobalSection
EndGlobal
